// !$*UTF8*$!
{
	archiveVersion = 1;
	classes = {
	};
	objectVersion = 46;
	objects = {

/* Begin PBXBuildFile section */
		721976391D957399002B5018 /* BoolTests.swift in Sources */ = {isa = PBXBuildFile; fileRef = 721976381D957399002B5018 /* BoolTests.swift */; };
		72316FCE1D96A0D90078DC66 /* StringTests.swift in Sources */ = {isa = PBXBuildFile; fileRef = 72316FCD1D96A0D90078DC66 /* StringTests.swift */; };
		723F2D5C1D96B7E70086B2A6 /* UIColorTests.swift in Sources */ = {isa = PBXBuildFile; fileRef = 723F2D5B1D96B7E70086B2A6 /* UIColorTests.swift */; };
		7262FC0D1D940F2A004D68C3 /* RDExtensionsSwift.h in Headers */ = {isa = PBXBuildFile; fileRef = 7262FC0C1D940F2A004D68C3 /* RDExtensionsSwift.h */; settings = {ATTRIBUTES = (Public, ); }; };
		7262FC6F1D941233004D68C3 /* Array+General.swift in Sources */ = {isa = PBXBuildFile; fileRef = 7262FC171D941233004D68C3 /* Array+General.swift */; };
		7262FC701D941233004D68C3 /* AVPlayerItem+General.swift in Sources */ = {isa = PBXBuildFile; fileRef = 7262FC191D941233004D68C3 /* AVPlayerItem+General.swift */; };
		7262FC711D941233004D68C3 /* Bool+Conversion.swift in Sources */ = {isa = PBXBuildFile; fileRef = 7262FC1B1D941233004D68C3 /* Bool+Conversion.swift */; };
		7262FC731D941233004D68C3 /* CGFloat+Conversion.swift in Sources */ = {isa = PBXBuildFile; fileRef = 7262FC1F1D941233004D68C3 /* CGFloat+Conversion.swift */; };
		7262FC741D941233004D68C3 /* CGRect+Layout.swift in Sources */ = {isa = PBXBuildFile; fileRef = 7262FC211D941233004D68C3 /* CGRect+Layout.swift */; };
		7262FC751D941233004D68C3 /* Character+Conversions.swift in Sources */ = {isa = PBXBuildFile; fileRef = 7262FC231D941233004D68C3 /* Character+Conversions.swift */; };
		7262FC761D941233004D68C3 /* CMTime+Conversion.swift in Sources */ = {isa = PBXBuildFile; fileRef = 7262FC251D941233004D68C3 /* CMTime+Conversion.swift */; };
		7262FC781D941233004D68C3 /* Double+Conversion.swift in Sources */ = {isa = PBXBuildFile; fileRef = 7262FC291D941233004D68C3 /* Double+Conversion.swift */; };
		7262FC791D941233004D68C3 /* Float+Conversion.swift in Sources */ = {isa = PBXBuildFile; fileRef = 7262FC2B1D941233004D68C3 /* Float+Conversion.swift */; };
		7262FC7A1D941233004D68C3 /* Int+Conversion.swift in Sources */ = {isa = PBXBuildFile; fileRef = 7262FC2D1D941233004D68C3 /* Int+Conversion.swift */; };
		7262FC7B1D941233004D68C3 /* Int64+Conversion.swift in Sources */ = {isa = PBXBuildFile; fileRef = 7262FC2F1D941233004D68C3 /* Int64+Conversion.swift */; };
		7262FC7C1D941233004D68C3 /* MPMoviePlayerController+General.swift in Sources */ = {isa = PBXBuildFile; fileRef = 7262FC311D941233004D68C3 /* MPMoviePlayerController+General.swift */; };
		7262FC7D1D941233004D68C3 /* NSAttributedString+General.swift in Sources */ = {isa = PBXBuildFile; fileRef = 7262FC331D941233004D68C3 /* NSAttributedString+General.swift */; };
		7262FC7E1D941233004D68C3 /* Data+Init.swift in Sources */ = {isa = PBXBuildFile; fileRef = 7262FC351D941233004D68C3 /* Data+Init.swift */; };
		7262FC7F1D941233004D68C3 /* Date+Conversion.swift in Sources */ = {isa = PBXBuildFile; fileRef = 7262FC371D941233004D68C3 /* Date+Conversion.swift */; };
		7262FC801D941233004D68C3 /* Date+General.swift in Sources */ = {isa = PBXBuildFile; fileRef = 7262FC381D941233004D68C3 /* Date+General.swift */; };
		7262FC811D941233004D68C3 /* Date+Init.swift in Sources */ = {isa = PBXBuildFile; fileRef = 7262FC391D941233004D68C3 /* Date+Init.swift */; };
		7262FC821D941233004D68C3 /* NSDictionary+General.swift in Sources */ = {isa = PBXBuildFile; fileRef = 7262FC3B1D941233004D68C3 /* NSDictionary+General.swift */; };
		7262FC831D941233004D68C3 /* NSObject+General.swift in Sources */ = {isa = PBXBuildFile; fileRef = 7262FC3D1D941233004D68C3 /* NSObject+General.swift */; };
		7262FC841D941233004D68C3 /* NSObject+Init.swift in Sources */ = {isa = PBXBuildFile; fileRef = 7262FC3E1D941233004D68C3 /* NSObject+Init.swift */; };
		7262FC861D941233004D68C3 /* URL+General.swift in Sources */ = {isa = PBXBuildFile; fileRef = 7262FC421D941233004D68C3 /* URL+General.swift */; };
		7262FC871D941233004D68C3 /* OperatorOverloads.swift in Sources */ = {isa = PBXBuildFile; fileRef = 7262FC431D941233004D68C3 /* OperatorOverloads.swift */; };
		7262FC881D941233004D68C3 /* PHAsset+General.swift in Sources */ = {isa = PBXBuildFile; fileRef = 7262FC451D941233004D68C3 /* PHAsset+General.swift */; };
		7262FC891D941233004D68C3 /* String+Conversion.swift in Sources */ = {isa = PBXBuildFile; fileRef = 7262FC471D941233004D68C3 /* String+Conversion.swift */; };
		7262FC8A1D941233004D68C3 /* String+General.swift in Sources */ = {isa = PBXBuildFile; fileRef = 7262FC481D941233004D68C3 /* String+General.swift */; };
		7262FC8B1D941233004D68C3 /* String+Init.swift in Sources */ = {isa = PBXBuildFile; fileRef = 7262FC491D941233004D68C3 /* String+Init.swift */; };
		7262FC8C1D941233004D68C3 /* String+Layout.swift in Sources */ = {isa = PBXBuildFile; fileRef = 7262FC4A1D941233004D68C3 /* String+Layout.swift */; };
		7262FC8D1D941233004D68C3 /* String+Subscript.swift in Sources */ = {isa = PBXBuildFile; fileRef = 7262FC4B1D941233004D68C3 /* String+Subscript.swift */; };
		7262FC8E1D941233004D68C3 /* UIAlertController+Init.swift in Sources */ = {isa = PBXBuildFile; fileRef = 7262FC4D1D941233004D68C3 /* UIAlertController+Init.swift */; };
		7262FC8F1D941233004D68C3 /* UIAlertView+Init.swift in Sources */ = {isa = PBXBuildFile; fileRef = 7262FC4F1D941233004D68C3 /* UIAlertView+Init.swift */; };
		7262FC901D941233004D68C3 /* UIButton+General.swift in Sources */ = {isa = PBXBuildFile; fileRef = 7262FC511D941233004D68C3 /* UIButton+General.swift */; };
		7262FC911D941233004D68C3 /* UIColor+General.swift in Sources */ = {isa = PBXBuildFile; fileRef = 7262FC531D941233004D68C3 /* UIColor+General.swift */; };
		7262FC921D941233004D68C3 /* UIColor+Init.swift in Sources */ = {isa = PBXBuildFile; fileRef = 7262FC541D941233004D68C3 /* UIColor+Init.swift */; };
		7262FC941D941233004D68C3 /* UIImage+Graphics.swift in Sources */ = {isa = PBXBuildFile; fileRef = 7262FC571D941233004D68C3 /* UIImage+Graphics.swift */; };
		7262FC951D941233004D68C3 /* UIImage+Init.swift in Sources */ = {isa = PBXBuildFile; fileRef = 7262FC581D941233004D68C3 /* UIImage+Init.swift */; };
		7262FC961D941233004D68C3 /* UIImageView+Init.swift in Sources */ = {isa = PBXBuildFile; fileRef = 7262FC5A1D941233004D68C3 /* UIImageView+Init.swift */; };
		7262FC971D941233004D68C3 /* UILabel+General.swift in Sources */ = {isa = PBXBuildFile; fileRef = 7262FC5C1D941233004D68C3 /* UILabel+General.swift */; };
		7262FC981D941233004D68C3 /* UINib+Init.swift in Sources */ = {isa = PBXBuildFile; fileRef = 7262FC5E1D941233004D68C3 /* UINib+Init.swift */; };
		7262FC991D941233004D68C3 /* UInt8+Conversion.swift in Sources */ = {isa = PBXBuildFile; fileRef = 7262FC601D941233004D68C3 /* UInt8+Conversion.swift */; };
		7262FC9A1D941233004D68C3 /* UIScrollView+General.swift in Sources */ = {isa = PBXBuildFile; fileRef = 7262FC621D941233004D68C3 /* UIScrollView+General.swift */; };
		7262FC9B1D941233004D68C3 /* UITextField+General.swift in Sources */ = {isa = PBXBuildFile; fileRef = 7262FC641D941233004D68C3 /* UITextField+General.swift */; };
		7262FC9C1D941233004D68C3 /* UITextView+General.swift in Sources */ = {isa = PBXBuildFile; fileRef = 7262FC661D941233004D68C3 /* UITextView+General.swift */; };
		7262FC9D1D941233004D68C3 /* UIView+General.swift in Sources */ = {isa = PBXBuildFile; fileRef = 7262FC681D941233004D68C3 /* UIView+General.swift */; };
		7262FC9E1D941233004D68C3 /* UIView+Graphics.swift in Sources */ = {isa = PBXBuildFile; fileRef = 7262FC691D941233004D68C3 /* UIView+Graphics.swift */; };
		7262FC9F1D941233004D68C3 /* UIView+Init.swift in Sources */ = {isa = PBXBuildFile; fileRef = 7262FC6A1D941233004D68C3 /* UIView+Init.swift */; };
		7262FCA01D941233004D68C3 /* UIView+Layout.swift in Sources */ = {isa = PBXBuildFile; fileRef = 7262FC6B1D941233004D68C3 /* UIView+Layout.swift */; };
		7262FCA11D941233004D68C3 /* UIView+Mask.swift in Sources */ = {isa = PBXBuildFile; fileRef = 7262FC6C1D941233004D68C3 /* UIView+Mask.swift */; };
		7262FCA21D941233004D68C3 /* UIViewController+Init.swift in Sources */ = {isa = PBXBuildFile; fileRef = 7262FC6E1D941233004D68C3 /* UIViewController+Init.swift */; };
		727CEF601D96C8A50023D161 /* UIImageTests.swift in Sources */ = {isa = PBXBuildFile; fileRef = 727CEF5F1D96C8A50023D161 /* UIImageTests.swift */; };
		729238E51D954E2F00414E60 /* RDExtensionsSwift.framework in Frameworks */ = {isa = PBXBuildFile; fileRef = 7262FC091D940F2A004D68C3 /* RDExtensionsSwift.framework */; };
		729238F21D95549900414E60 /* OperatorOverloadsTests.swift in Sources */ = {isa = PBXBuildFile; fileRef = 729238F11D95549900414E60 /* OperatorOverloadsTests.swift */; };
		729335221E7556A50028FDDB /* RawRepresentable+General.swift in Sources */ = {isa = PBXBuildFile; fileRef = 729335211E7556A50028FDDB /* RawRepresentable+General.swift */; };
		729335271E755B3D0028FDDB /* UITabBarController+General.swift in Sources */ = {isa = PBXBuildFile; fileRef = 729335261E755B3D0028FDDB /* UITabBarController+General.swift */; };
		7293352D1E75645D0028FDDB /* Collectable+Init.swift in Sources */ = {isa = PBXBuildFile; fileRef = 7293352C1E75645D0028FDDB /* Collectable+Init.swift */; };
		7293352F1E7564BA0028FDDB /* Collectable+General.swift in Sources */ = {isa = PBXBuildFile; fileRef = 7293352E1E7564BA0028FDDB /* Collectable+General.swift */; };
		72950D931E8BE5C2005E69C2 /* Collection+General.swift in Sources */ = {isa = PBXBuildFile; fileRef = 72950D911E8BE5C2005E69C2 /* Collection+General.swift */; };
		72950D941E8BE5C2005E69C2 /* Collection+Conversion.swift in Sources */ = {isa = PBXBuildFile; fileRef = 72950D921E8BE5C2005E69C2 /* Collection+Conversion.swift */; };
		7296C95C1D95743D0060F483 /* CGFloatTests.swift in Sources */ = {isa = PBXBuildFile; fileRef = 7296C95B1D95743D0060F483 /* CGFloatTests.swift */; };
		7296C95E1D9577FB0060F483 /* CGRectTests.swift in Sources */ = {isa = PBXBuildFile; fileRef = 7296C95D1D9577FB0060F483 /* CGRectTests.swift */; };
		7296C9601D9579490060F483 /* CharacterTests.swift in Sources */ = {isa = PBXBuildFile; fileRef = 7296C95F1D9579490060F483 /* CharacterTests.swift */; };
		7296C9621D957CF40060F483 /* CollectionTests.swift in Sources */ = {isa = PBXBuildFile; fileRef = 7296C9611D957CF40060F483 /* CollectionTests.swift */; };
		7296C9641D957D510060F483 /* DoubleTests.swift in Sources */ = {isa = PBXBuildFile; fileRef = 7296C9631D957D510060F483 /* DoubleTests.swift */; };
		7296C9661D957D710060F483 /* FloatTests.swift in Sources */ = {isa = PBXBuildFile; fileRef = 7296C9651D957D710060F483 /* FloatTests.swift */; };
		7296C9681D95813A0060F483 /* IntTests.swift in Sources */ = {isa = PBXBuildFile; fileRef = 7296C9671D95813A0060F483 /* IntTests.swift */; };
		7296C96A1D9582370060F483 /* Int64Tests.swift in Sources */ = {isa = PBXBuildFile; fileRef = 7296C9691D9582370060F483 /* Int64Tests.swift */; };
		7296C96C1D9582810060F483 /* NSAttributedStringTests.swift in Sources */ = {isa = PBXBuildFile; fileRef = 7296C96B1D9582810060F483 /* NSAttributedStringTests.swift */; };
		7296C96E1D9584CB0060F483 /* DataTests.swift in Sources */ = {isa = PBXBuildFile; fileRef = 7296C96D1D9584CB0060F483 /* DataTests.swift */; };
		7296C9701D958C1C0060F483 /* DateTests.swift in Sources */ = {isa = PBXBuildFile; fileRef = 7296C96F1D958C1C0060F483 /* DateTests.swift */; };
		7296C9721D95913D0060F483 /* NSDictionaryTests.swift in Sources */ = {isa = PBXBuildFile; fileRef = 7296C9711D95913D0060F483 /* NSDictionaryTests.swift */; };
		7296C9741D9592980060F483 /* NSObjectTests.swift in Sources */ = {isa = PBXBuildFile; fileRef = 7296C9731D9592980060F483 /* NSObjectTests.swift */; };
		7296C9761D9595680060F483 /* ArrayTests.swift in Sources */ = {isa = PBXBuildFile; fileRef = 7296C9751D9595680060F483 /* ArrayTests.swift */; };
		72C389A41D96D8290088AE96 /* UInt8Tests.swift in Sources */ = {isa = PBXBuildFile; fileRef = 72C389A31D96D8290088AE96 /* UInt8Tests.swift */; };
		72C53F901E757E27008D10C1 /* UITabBarControllerTests.swift in Sources */ = {isa = PBXBuildFile; fileRef = 72C53F8F1E757E27008D10C1 /* UITabBarControllerTests.swift */; };
		72C53F921E757ECD008D10C1 /* ProtocolTests.swift in Sources */ = {isa = PBXBuildFile; fileRef = 72C53F911E757ECD008D10C1 /* ProtocolTests.swift */; };
		72E68EBC1FD9531800A6FF88 /* CGFloat+General.swift in Sources */ = {isa = PBXBuildFile; fileRef = 72E68EBB1FD9531800A6FF88 /* CGFloat+General.swift */; };
		72E68EBE1FD95D2D00A6FF88 /* UIViewController+General.swift in Sources */ = {isa = PBXBuildFile; fileRef = 72E68EBD1FD95D2D00A6FF88 /* UIViewController+General.swift */; };
		72E68EC31FD95E1B00A6FF88 /* NSTextRange+Conversions.swift in Sources */ = {isa = PBXBuildFile; fileRef = 72E68EC21FD95E1B00A6FF88 /* NSTextRange+Conversions.swift */; };
		72E68EC61FD9624500A6FF88 /* NSRange+Conversions.swift in Sources */ = {isa = PBXBuildFile; fileRef = 72E68EC51FD9624500A6FF88 /* NSRange+Conversions.swift */; };
		72E68EC91FD96B8A00A6FF88 /* UIAlertAction+Init.swift in Sources */ = {isa = PBXBuildFile; fileRef = 72E68EC81FD96B8A00A6FF88 /* UIAlertAction+Init.swift */; };
		72E68ECD1FD980B200A6FF88 /* TimeZone+Init.swift in Sources */ = {isa = PBXBuildFile; fileRef = 72E68ECC1FD980B200A6FF88 /* TimeZone+Init.swift */; };
		72E68ECF1FD9879000A6FF88 /* Character+General.swift in Sources */ = {isa = PBXBuildFile; fileRef = 72E68ECE1FD9879000A6FF88 /* Character+General.swift */; };
		72E68ED21FD98D0200A6FF88 /* RawRepresentableTests.swift in Sources */ = {isa = PBXBuildFile; fileRef = 72E68ED11FD98D0200A6FF88 /* RawRepresentableTests.swift */; };
		72E68ED41FD99C9600A6FF88 /* TimeZoneTests.swift in Sources */ = {isa = PBXBuildFile; fileRef = 72E68ED31FD99C9600A6FF88 /* TimeZoneTests.swift */; };
		72EE431120C16B9100EDD102 /* UIImage+General.swift in Sources */ = {isa = PBXBuildFile; fileRef = 72EE431020C16B9100EDD102 /* UIImage+General.swift */; };
		72EE431320C16D6D00EDD102 /* UIView+Animations.swift in Sources */ = {isa = PBXBuildFile; fileRef = 72EE431220C16D6D00EDD102 /* UIView+Animations.swift */; };
		72EE431C20C16F6800EDD102 /* UITableView+General.swift in Sources */ = {isa = PBXBuildFile; fileRef = 72EE431B20C16F6800EDD102 /* UITableView+General.swift */; };
		72EE431E20C1705300EDD102 /* UICollectionView+General.swift in Sources */ = {isa = PBXBuildFile; fileRef = 72EE431D20C1705300EDD102 /* UICollectionView+General.swift */; };
		72EE432120C1759700EDD102 /* CALayer+General.swift in Sources */ = {isa = PBXBuildFile; fileRef = 72EE432020C1759700EDD102 /* CALayer+General.swift */; };
		72EE432420C1760000EDD102 /* UIPageControl+General.swift in Sources */ = {isa = PBXBuildFile; fileRef = 72EE432320C1760000EDD102 /* UIPageControl+General.swift */; };
/* End PBXBuildFile section */

/* Begin PBXContainerItemProxy section */
		729238E61D954E2F00414E60 /* PBXContainerItemProxy */ = {
			isa = PBXContainerItemProxy;
			containerPortal = 7262FC001D940F2A004D68C3 /* Project object */;
			proxyType = 1;
			remoteGlobalIDString = 7262FC081D940F2A004D68C3;
			remoteInfo = RDExtensionsSwift;
		};
/* End PBXContainerItemProxy section */

/* Begin PBXFileReference section */
		721976381D957399002B5018 /* BoolTests.swift */ = {isa = PBXFileReference; fileEncoding = 4; lastKnownFileType = sourcecode.swift; path = BoolTests.swift; sourceTree = "<group>"; };
		72316FCD1D96A0D90078DC66 /* StringTests.swift */ = {isa = PBXFileReference; fileEncoding = 4; lastKnownFileType = sourcecode.swift; path = StringTests.swift; sourceTree = "<group>"; };
		723F2D5B1D96B7E70086B2A6 /* UIColorTests.swift */ = {isa = PBXFileReference; fileEncoding = 4; lastKnownFileType = sourcecode.swift; path = UIColorTests.swift; sourceTree = "<group>"; };
		7262FC091D940F2A004D68C3 /* RDExtensionsSwift.framework */ = {isa = PBXFileReference; explicitFileType = wrapper.framework; includeInIndex = 0; path = RDExtensionsSwift.framework; sourceTree = BUILT_PRODUCTS_DIR; };
		7262FC0C1D940F2A004D68C3 /* RDExtensionsSwift.h */ = {isa = PBXFileReference; lastKnownFileType = sourcecode.c.h; path = RDExtensionsSwift.h; sourceTree = "<group>"; };
		7262FC0E1D940F2A004D68C3 /* Info.plist */ = {isa = PBXFileReference; lastKnownFileType = text.plist.xml; path = Info.plist; sourceTree = "<group>"; };
		7262FC171D941233004D68C3 /* Array+General.swift */ = {isa = PBXFileReference; fileEncoding = 4; lastKnownFileType = sourcecode.swift; path = "Array+General.swift"; sourceTree = "<group>"; };
		7262FC191D941233004D68C3 /* AVPlayerItem+General.swift */ = {isa = PBXFileReference; fileEncoding = 4; lastKnownFileType = sourcecode.swift; path = "AVPlayerItem+General.swift"; sourceTree = "<group>"; };
		7262FC1B1D941233004D68C3 /* Bool+Conversion.swift */ = {isa = PBXFileReference; fileEncoding = 4; lastKnownFileType = sourcecode.swift; path = "Bool+Conversion.swift"; sourceTree = "<group>"; };
		7262FC1F1D941233004D68C3 /* CGFloat+Conversion.swift */ = {isa = PBXFileReference; fileEncoding = 4; lastKnownFileType = sourcecode.swift; path = "CGFloat+Conversion.swift"; sourceTree = "<group>"; };
		7262FC211D941233004D68C3 /* CGRect+Layout.swift */ = {isa = PBXFileReference; fileEncoding = 4; lastKnownFileType = sourcecode.swift; path = "CGRect+Layout.swift"; sourceTree = "<group>"; };
		7262FC231D941233004D68C3 /* Character+Conversions.swift */ = {isa = PBXFileReference; fileEncoding = 4; lastKnownFileType = sourcecode.swift; path = "Character+Conversions.swift"; sourceTree = "<group>"; };
		7262FC251D941233004D68C3 /* CMTime+Conversion.swift */ = {isa = PBXFileReference; fileEncoding = 4; lastKnownFileType = sourcecode.swift; path = "CMTime+Conversion.swift"; sourceTree = "<group>"; };
		7262FC291D941233004D68C3 /* Double+Conversion.swift */ = {isa = PBXFileReference; fileEncoding = 4; lastKnownFileType = sourcecode.swift; path = "Double+Conversion.swift"; sourceTree = "<group>"; };
		7262FC2B1D941233004D68C3 /* Float+Conversion.swift */ = {isa = PBXFileReference; fileEncoding = 4; lastKnownFileType = sourcecode.swift; path = "Float+Conversion.swift"; sourceTree = "<group>"; };
		7262FC2D1D941233004D68C3 /* Int+Conversion.swift */ = {isa = PBXFileReference; fileEncoding = 4; lastKnownFileType = sourcecode.swift; path = "Int+Conversion.swift"; sourceTree = "<group>"; };
		7262FC2F1D941233004D68C3 /* Int64+Conversion.swift */ = {isa = PBXFileReference; fileEncoding = 4; lastKnownFileType = sourcecode.swift; path = "Int64+Conversion.swift"; sourceTree = "<group>"; };
		7262FC311D941233004D68C3 /* MPMoviePlayerController+General.swift */ = {isa = PBXFileReference; fileEncoding = 4; lastKnownFileType = sourcecode.swift; path = "MPMoviePlayerController+General.swift"; sourceTree = "<group>"; };
		7262FC331D941233004D68C3 /* NSAttributedString+General.swift */ = {isa = PBXFileReference; fileEncoding = 4; lastKnownFileType = sourcecode.swift; path = "NSAttributedString+General.swift"; sourceTree = "<group>"; };
		7262FC351D941233004D68C3 /* Data+Init.swift */ = {isa = PBXFileReference; fileEncoding = 4; lastKnownFileType = sourcecode.swift; path = "Data+Init.swift"; sourceTree = "<group>"; };
		7262FC371D941233004D68C3 /* Date+Conversion.swift */ = {isa = PBXFileReference; fileEncoding = 4; lastKnownFileType = sourcecode.swift; path = "Date+Conversion.swift"; sourceTree = "<group>"; };
		7262FC381D941233004D68C3 /* Date+General.swift */ = {isa = PBXFileReference; fileEncoding = 4; lastKnownFileType = sourcecode.swift; path = "Date+General.swift"; sourceTree = "<group>"; };
		7262FC391D941233004D68C3 /* Date+Init.swift */ = {isa = PBXFileReference; fileEncoding = 4; lastKnownFileType = sourcecode.swift; path = "Date+Init.swift"; sourceTree = "<group>"; };
		7262FC3B1D941233004D68C3 /* NSDictionary+General.swift */ = {isa = PBXFileReference; fileEncoding = 4; lastKnownFileType = sourcecode.swift; path = "NSDictionary+General.swift"; sourceTree = "<group>"; };
		7262FC3D1D941233004D68C3 /* NSObject+General.swift */ = {isa = PBXFileReference; fileEncoding = 4; lastKnownFileType = sourcecode.swift; path = "NSObject+General.swift"; sourceTree = "<group>"; };
		7262FC3E1D941233004D68C3 /* NSObject+Init.swift */ = {isa = PBXFileReference; fileEncoding = 4; lastKnownFileType = sourcecode.swift; path = "NSObject+Init.swift"; sourceTree = "<group>"; };
		7262FC421D941233004D68C3 /* URL+General.swift */ = {isa = PBXFileReference; fileEncoding = 4; lastKnownFileType = sourcecode.swift; path = "URL+General.swift"; sourceTree = "<group>"; };
		7262FC431D941233004D68C3 /* OperatorOverloads.swift */ = {isa = PBXFileReference; fileEncoding = 4; lastKnownFileType = sourcecode.swift; path = OperatorOverloads.swift; sourceTree = "<group>"; };
		7262FC451D941233004D68C3 /* PHAsset+General.swift */ = {isa = PBXFileReference; fileEncoding = 4; lastKnownFileType = sourcecode.swift; path = "PHAsset+General.swift"; sourceTree = "<group>"; };
		7262FC471D941233004D68C3 /* String+Conversion.swift */ = {isa = PBXFileReference; fileEncoding = 4; lastKnownFileType = sourcecode.swift; path = "String+Conversion.swift"; sourceTree = "<group>"; };
		7262FC481D941233004D68C3 /* String+General.swift */ = {isa = PBXFileReference; fileEncoding = 4; lastKnownFileType = sourcecode.swift; path = "String+General.swift"; sourceTree = "<group>"; };
		7262FC491D941233004D68C3 /* String+Init.swift */ = {isa = PBXFileReference; fileEncoding = 4; lastKnownFileType = sourcecode.swift; path = "String+Init.swift"; sourceTree = "<group>"; };
		7262FC4A1D941233004D68C3 /* String+Layout.swift */ = {isa = PBXFileReference; fileEncoding = 4; lastKnownFileType = sourcecode.swift; path = "String+Layout.swift"; sourceTree = "<group>"; };
		7262FC4B1D941233004D68C3 /* String+Subscript.swift */ = {isa = PBXFileReference; fileEncoding = 4; lastKnownFileType = sourcecode.swift; path = "String+Subscript.swift"; sourceTree = "<group>"; };
		7262FC4D1D941233004D68C3 /* UIAlertController+Init.swift */ = {isa = PBXFileReference; fileEncoding = 4; lastKnownFileType = sourcecode.swift; path = "UIAlertController+Init.swift"; sourceTree = "<group>"; };
		7262FC4F1D941233004D68C3 /* UIAlertView+Init.swift */ = {isa = PBXFileReference; fileEncoding = 4; lastKnownFileType = sourcecode.swift; path = "UIAlertView+Init.swift"; sourceTree = "<group>"; };
		7262FC511D941233004D68C3 /* UIButton+General.swift */ = {isa = PBXFileReference; fileEncoding = 4; lastKnownFileType = sourcecode.swift; path = "UIButton+General.swift"; sourceTree = "<group>"; };
		7262FC531D941233004D68C3 /* UIColor+General.swift */ = {isa = PBXFileReference; fileEncoding = 4; lastKnownFileType = sourcecode.swift; path = "UIColor+General.swift"; sourceTree = "<group>"; };
		7262FC541D941233004D68C3 /* UIColor+Init.swift */ = {isa = PBXFileReference; fileEncoding = 4; lastKnownFileType = sourcecode.swift; path = "UIColor+Init.swift"; sourceTree = "<group>"; };
		7262FC571D941233004D68C3 /* UIImage+Graphics.swift */ = {isa = PBXFileReference; fileEncoding = 4; lastKnownFileType = sourcecode.swift; path = "UIImage+Graphics.swift"; sourceTree = "<group>"; };
		7262FC581D941233004D68C3 /* UIImage+Init.swift */ = {isa = PBXFileReference; fileEncoding = 4; lastKnownFileType = sourcecode.swift; path = "UIImage+Init.swift"; sourceTree = "<group>"; };
		7262FC5A1D941233004D68C3 /* UIImageView+Init.swift */ = {isa = PBXFileReference; fileEncoding = 4; lastKnownFileType = sourcecode.swift; path = "UIImageView+Init.swift"; sourceTree = "<group>"; };
		7262FC5C1D941233004D68C3 /* UILabel+General.swift */ = {isa = PBXFileReference; fileEncoding = 4; lastKnownFileType = sourcecode.swift; path = "UILabel+General.swift"; sourceTree = "<group>"; };
		7262FC5E1D941233004D68C3 /* UINib+Init.swift */ = {isa = PBXFileReference; fileEncoding = 4; lastKnownFileType = sourcecode.swift; path = "UINib+Init.swift"; sourceTree = "<group>"; };
		7262FC601D941233004D68C3 /* UInt8+Conversion.swift */ = {isa = PBXFileReference; fileEncoding = 4; lastKnownFileType = sourcecode.swift; path = "UInt8+Conversion.swift"; sourceTree = "<group>"; };
		7262FC621D941233004D68C3 /* UIScrollView+General.swift */ = {isa = PBXFileReference; fileEncoding = 4; lastKnownFileType = sourcecode.swift; path = "UIScrollView+General.swift"; sourceTree = "<group>"; };
		7262FC641D941233004D68C3 /* UITextField+General.swift */ = {isa = PBXFileReference; fileEncoding = 4; lastKnownFileType = sourcecode.swift; path = "UITextField+General.swift"; sourceTree = "<group>"; };
		7262FC661D941233004D68C3 /* UITextView+General.swift */ = {isa = PBXFileReference; fileEncoding = 4; lastKnownFileType = sourcecode.swift; path = "UITextView+General.swift"; sourceTree = "<group>"; };
		7262FC681D941233004D68C3 /* UIView+General.swift */ = {isa = PBXFileReference; fileEncoding = 4; lastKnownFileType = sourcecode.swift; path = "UIView+General.swift"; sourceTree = "<group>"; };
		7262FC691D941233004D68C3 /* UIView+Graphics.swift */ = {isa = PBXFileReference; fileEncoding = 4; lastKnownFileType = sourcecode.swift; path = "UIView+Graphics.swift"; sourceTree = "<group>"; };
		7262FC6A1D941233004D68C3 /* UIView+Init.swift */ = {isa = PBXFileReference; fileEncoding = 4; lastKnownFileType = sourcecode.swift; path = "UIView+Init.swift"; sourceTree = "<group>"; };
		7262FC6B1D941233004D68C3 /* UIView+Layout.swift */ = {isa = PBXFileReference; fileEncoding = 4; lastKnownFileType = sourcecode.swift; path = "UIView+Layout.swift"; sourceTree = "<group>"; };
		7262FC6C1D941233004D68C3 /* UIView+Mask.swift */ = {isa = PBXFileReference; fileEncoding = 4; lastKnownFileType = sourcecode.swift; path = "UIView+Mask.swift"; sourceTree = "<group>"; };
		7262FC6E1D941233004D68C3 /* UIViewController+Init.swift */ = {isa = PBXFileReference; fileEncoding = 4; lastKnownFileType = sourcecode.swift; path = "UIViewController+Init.swift"; sourceTree = "<group>"; };
		727CEF5F1D96C8A50023D161 /* UIImageTests.swift */ = {isa = PBXFileReference; fileEncoding = 4; lastKnownFileType = sourcecode.swift; path = UIImageTests.swift; sourceTree = "<group>"; };
		729238E01D954E2F00414E60 /* RDExtensionsSwiftUnitTests.xctest */ = {isa = PBXFileReference; explicitFileType = wrapper.cfbundle; includeInIndex = 0; path = RDExtensionsSwiftUnitTests.xctest; sourceTree = BUILT_PRODUCTS_DIR; };
		729238E41D954E2F00414E60 /* Info.plist */ = {isa = PBXFileReference; lastKnownFileType = text.plist.xml; path = Info.plist; sourceTree = "<group>"; };
		729238F11D95549900414E60 /* OperatorOverloadsTests.swift */ = {isa = PBXFileReference; fileEncoding = 4; lastKnownFileType = sourcecode.swift; path = OperatorOverloadsTests.swift; sourceTree = "<group>"; };
		729335211E7556A50028FDDB /* RawRepresentable+General.swift */ = {isa = PBXFileReference; fileEncoding = 4; lastKnownFileType = sourcecode.swift; path = "RawRepresentable+General.swift"; sourceTree = "<group>"; };
		729335261E755B3D0028FDDB /* UITabBarController+General.swift */ = {isa = PBXFileReference; fileEncoding = 4; lastKnownFileType = sourcecode.swift; path = "UITabBarController+General.swift"; sourceTree = "<group>"; };
		7293352C1E75645D0028FDDB /* Collectable+Init.swift */ = {isa = PBXFileReference; fileEncoding = 4; lastKnownFileType = sourcecode.swift; path = "Collectable+Init.swift"; sourceTree = "<group>"; };
		7293352E1E7564BA0028FDDB /* Collectable+General.swift */ = {isa = PBXFileReference; fileEncoding = 4; lastKnownFileType = sourcecode.swift; path = "Collectable+General.swift"; sourceTree = "<group>"; };
		72950D911E8BE5C2005E69C2 /* Collection+General.swift */ = {isa = PBXFileReference; fileEncoding = 4; lastKnownFileType = sourcecode.swift; path = "Collection+General.swift"; sourceTree = "<group>"; };
		72950D921E8BE5C2005E69C2 /* Collection+Conversion.swift */ = {isa = PBXFileReference; fileEncoding = 4; lastKnownFileType = sourcecode.swift; path = "Collection+Conversion.swift"; sourceTree = "<group>"; };
		7296C95B1D95743D0060F483 /* CGFloatTests.swift */ = {isa = PBXFileReference; fileEncoding = 4; lastKnownFileType = sourcecode.swift; path = CGFloatTests.swift; sourceTree = "<group>"; };
		7296C95D1D9577FB0060F483 /* CGRectTests.swift */ = {isa = PBXFileReference; fileEncoding = 4; lastKnownFileType = sourcecode.swift; path = CGRectTests.swift; sourceTree = "<group>"; };
		7296C95F1D9579490060F483 /* CharacterTests.swift */ = {isa = PBXFileReference; fileEncoding = 4; lastKnownFileType = sourcecode.swift; path = CharacterTests.swift; sourceTree = "<group>"; };
		7296C9611D957CF40060F483 /* CollectionTests.swift */ = {isa = PBXFileReference; fileEncoding = 4; lastKnownFileType = sourcecode.swift; path = CollectionTests.swift; sourceTree = "<group>"; };
		7296C9631D957D510060F483 /* DoubleTests.swift */ = {isa = PBXFileReference; fileEncoding = 4; lastKnownFileType = sourcecode.swift; path = DoubleTests.swift; sourceTree = "<group>"; };
		7296C9651D957D710060F483 /* FloatTests.swift */ = {isa = PBXFileReference; fileEncoding = 4; lastKnownFileType = sourcecode.swift; path = FloatTests.swift; sourceTree = "<group>"; };
		7296C9671D95813A0060F483 /* IntTests.swift */ = {isa = PBXFileReference; fileEncoding = 4; lastKnownFileType = sourcecode.swift; path = IntTests.swift; sourceTree = "<group>"; };
		7296C9691D9582370060F483 /* Int64Tests.swift */ = {isa = PBXFileReference; fileEncoding = 4; lastKnownFileType = sourcecode.swift; path = Int64Tests.swift; sourceTree = "<group>"; };
		7296C96B1D9582810060F483 /* NSAttributedStringTests.swift */ = {isa = PBXFileReference; fileEncoding = 4; lastKnownFileType = sourcecode.swift; path = NSAttributedStringTests.swift; sourceTree = "<group>"; };
		7296C96D1D9584CB0060F483 /* DataTests.swift */ = {isa = PBXFileReference; fileEncoding = 4; lastKnownFileType = sourcecode.swift; path = DataTests.swift; sourceTree = "<group>"; };
		7296C96F1D958C1C0060F483 /* DateTests.swift */ = {isa = PBXFileReference; fileEncoding = 4; lastKnownFileType = sourcecode.swift; path = DateTests.swift; sourceTree = "<group>"; };
		7296C9711D95913D0060F483 /* NSDictionaryTests.swift */ = {isa = PBXFileReference; fileEncoding = 4; lastKnownFileType = sourcecode.swift; path = NSDictionaryTests.swift; sourceTree = "<group>"; };
		7296C9731D9592980060F483 /* NSObjectTests.swift */ = {isa = PBXFileReference; fileEncoding = 4; lastKnownFileType = sourcecode.swift; path = NSObjectTests.swift; sourceTree = "<group>"; };
		7296C9751D9595680060F483 /* ArrayTests.swift */ = {isa = PBXFileReference; fileEncoding = 4; lastKnownFileType = sourcecode.swift; path = ArrayTests.swift; sourceTree = "<group>"; };
		72C389A31D96D8290088AE96 /* UInt8Tests.swift */ = {isa = PBXFileReference; fileEncoding = 4; lastKnownFileType = sourcecode.swift; path = UInt8Tests.swift; sourceTree = "<group>"; };
		72C53F8F1E757E27008D10C1 /* UITabBarControllerTests.swift */ = {isa = PBXFileReference; fileEncoding = 4; lastKnownFileType = sourcecode.swift; path = UITabBarControllerTests.swift; sourceTree = "<group>"; };
		72C53F911E757ECD008D10C1 /* ProtocolTests.swift */ = {isa = PBXFileReference; fileEncoding = 4; lastKnownFileType = sourcecode.swift; path = ProtocolTests.swift; sourceTree = "<group>"; };
		72E68EBB1FD9531800A6FF88 /* CGFloat+General.swift */ = {isa = PBXFileReference; lastKnownFileType = sourcecode.swift; path = "CGFloat+General.swift"; sourceTree = "<group>"; };
		72E68EBD1FD95D2D00A6FF88 /* UIViewController+General.swift */ = {isa = PBXFileReference; lastKnownFileType = sourcecode.swift; path = "UIViewController+General.swift"; sourceTree = "<group>"; };
		72E68EC21FD95E1B00A6FF88 /* NSTextRange+Conversions.swift */ = {isa = PBXFileReference; lastKnownFileType = sourcecode.swift; path = "NSTextRange+Conversions.swift"; sourceTree = "<group>"; };
		72E68EC51FD9624500A6FF88 /* NSRange+Conversions.swift */ = {isa = PBXFileReference; lastKnownFileType = sourcecode.swift; path = "NSRange+Conversions.swift"; sourceTree = "<group>"; };
		72E68EC81FD96B8A00A6FF88 /* UIAlertAction+Init.swift */ = {isa = PBXFileReference; lastKnownFileType = sourcecode.swift; path = "UIAlertAction+Init.swift"; sourceTree = "<group>"; };
		72E68ECC1FD980B200A6FF88 /* TimeZone+Init.swift */ = {isa = PBXFileReference; lastKnownFileType = sourcecode.swift; path = "TimeZone+Init.swift"; sourceTree = "<group>"; };
		72E68ECE1FD9879000A6FF88 /* Character+General.swift */ = {isa = PBXFileReference; lastKnownFileType = sourcecode.swift; path = "Character+General.swift"; sourceTree = "<group>"; };
		72E68ED11FD98D0200A6FF88 /* RawRepresentableTests.swift */ = {isa = PBXFileReference; lastKnownFileType = sourcecode.swift; path = RawRepresentableTests.swift; sourceTree = "<group>"; };
		72E68ED31FD99C9600A6FF88 /* TimeZoneTests.swift */ = {isa = PBXFileReference; lastKnownFileType = sourcecode.swift; path = TimeZoneTests.swift; sourceTree = "<group>"; };
		72EE431020C16B9100EDD102 /* UIImage+General.swift */ = {isa = PBXFileReference; lastKnownFileType = sourcecode.swift; path = "UIImage+General.swift"; sourceTree = "<group>"; };
		72EE431220C16D6D00EDD102 /* UIView+Animations.swift */ = {isa = PBXFileReference; lastKnownFileType = sourcecode.swift; path = "UIView+Animations.swift"; sourceTree = "<group>"; };
		72EE431B20C16F6800EDD102 /* UITableView+General.swift */ = {isa = PBXFileReference; lastKnownFileType = sourcecode.swift; path = "UITableView+General.swift"; sourceTree = "<group>"; };
		72EE431D20C1705300EDD102 /* UICollectionView+General.swift */ = {isa = PBXFileReference; lastKnownFileType = sourcecode.swift; path = "UICollectionView+General.swift"; sourceTree = "<group>"; };
		72EE432020C1759700EDD102 /* CALayer+General.swift */ = {isa = PBXFileReference; lastKnownFileType = sourcecode.swift; path = "CALayer+General.swift"; sourceTree = "<group>"; };
		72EE432320C1760000EDD102 /* UIPageControl+General.swift */ = {isa = PBXFileReference; lastKnownFileType = sourcecode.swift; path = "UIPageControl+General.swift"; sourceTree = "<group>"; };
/* End PBXFileReference section */

/* Begin PBXFrameworksBuildPhase section */
		7262FC051D940F2A004D68C3 /* Frameworks */ = {
			isa = PBXFrameworksBuildPhase;
			buildActionMask = 2147483647;
			files = (
			);
			runOnlyForDeploymentPostprocessing = 0;
		};
		729238DD1D954E2F00414E60 /* Frameworks */ = {
			isa = PBXFrameworksBuildPhase;
			buildActionMask = 2147483647;
			files = (
				729238E51D954E2F00414E60 /* RDExtensionsSwift.framework in Frameworks */,
			);
			runOnlyForDeploymentPostprocessing = 0;
		};
/* End PBXFrameworksBuildPhase section */

/* Begin PBXGroup section */
		72435C981D955B2C0066A542 /* Supporting Files */ = {
			isa = PBXGroup;
			children = (
				729238E41D954E2F00414E60 /* Info.plist */,
			);
			name = "Supporting Files";
			sourceTree = "<group>";
		};
		7262FBFF1D940F2A004D68C3 = {
			isa = PBXGroup;
			children = (
				7262FC0B1D940F2A004D68C3 /* RDExtensionsSwift */,
				729238E11D954E2F00414E60 /* RDExtensionsSwiftUnitTests */,
				7262FC0A1D940F2A004D68C3 /* Products */,
			);
			sourceTree = "<group>";
		};
		7262FC0A1D940F2A004D68C3 /* Products */ = {
			isa = PBXGroup;
			children = (
				7262FC091D940F2A004D68C3 /* RDExtensionsSwift.framework */,
				729238E01D954E2F00414E60 /* RDExtensionsSwiftUnitTests.xctest */,
			);
			name = Products;
			sourceTree = "<group>";
		};
		7262FC0B1D940F2A004D68C3 /* RDExtensionsSwift */ = {
			isa = PBXGroup;
			children = (
				7262FC151D941233004D68C3 /* Source */,
				7262FCEA1D9425DE004D68C3 /* Supporting Files */,
			);
			path = RDExtensionsSwift;
			sourceTree = "<group>";
		};
		7262FC151D941233004D68C3 /* Source */ = {
			isa = PBXGroup;
			children = (
				7262FC431D941233004D68C3 /* OperatorOverloads.swift */,
				7293351E1E7556340028FDDB /* Protocol */,
				72E68ECA1FD9785700A6FF88 /* RawRepresentable */,
				7262FC2C1D941233004D68C3 /* Int */,
				7262FC2E1D941233004D68C3 /* Int64 */,
				7262FC5F1D941233004D68C3 /* UInt8 */,
				7262FC281D941233004D68C3 /* Double */,
				7262FC2A1D941233004D68C3 /* Float */,
				7262FC1E1D941233004D68C3 /* CGFloat */,
				7262FC1A1D941233004D68C3 /* Bool */,
				7262FC221D941233004D68C3 /* Character */,
				7262FC461D941233004D68C3 /* String */,
				7262FC321D941233004D68C3 /* NSAttributedString */,
				7262FC201D941233004D68C3 /* CGRect */,
				7262FC241D941233004D68C3 /* CMTime */,
				7262FC181D941233004D68C3 /* AVPlayerItem */,
				7262FC161D941233004D68C3 /* Array */,
				72950D901E8BE5C2005E69C2 /* Collection */,
				7262FC3C1D941233004D68C3 /* NSObject */,
				7262FC341D941233004D68C3 /* Data */,
				7262FC361D941233004D68C3 /* Date */,
				72E68ECB1FD980A900A6FF88 /* TimeZone */,
				7262FC3A1D941233004D68C3 /* NSDictionary */,
				7262FC411D941233004D68C3 /* URL */,
				7262FC441D941233004D68C3 /* PHAsset */,
				72E68EC41FD9623000A6FF88 /* NSRange */,
				72E68EC11FD95E0600A6FF88 /* NSTextRange */,
				72EE431F20C1757B00EDD102 /* CALayer */,
				7262FC521D941233004D68C3 /* UIColor */,
				7262FC551D941233004D68C3 /* UIImage */,
				7262FC5D1D941233004D68C3 /* UINib */,
				7262FC671D941233004D68C3 /* UIView */,
				7262FC611D941233004D68C3 /* UIScrollView */,
				7262FC4E1D941233004D68C3 /* UIAlertView */,
				7262FC4C1D941233004D68C3 /* UIAlertController */,
				72E68EC71FD96B7E00A6FF88 /* UIAlertAction */,
				72EE432220C175DB00EDD102 /* UIPageControl */,
				7262FC501D941233004D68C3 /* UIButton */,
				7262FC591D941233004D68C3 /* UIImageView */,
				7262FC5B1D941233004D68C3 /* UILabel */,
				7262FC631D941233004D68C3 /* UITextField */,
				7262FC651D941233004D68C3 /* UITextView */,
				72EE431620C16ED200EDD102 /* UITableView */,
				72EE431720C16EDE00EDD102 /* UICollectionView */,
				7262FC6D1D941233004D68C3 /* UIViewController */,
				729335251E755B250028FDDB /* UITabBarController */,
				7262FC301D941233004D68C3 /* MPMoviePlayerController */,
			);
			path = Source;
			sourceTree = "<group>";
		};
		7262FC161D941233004D68C3 /* Array */ = {
			isa = PBXGroup;
			children = (
				7262FC171D941233004D68C3 /* Array+General.swift */,
			);
			path = Array;
			sourceTree = "<group>";
		};
		7262FC181D941233004D68C3 /* AVPlayerItem */ = {
			isa = PBXGroup;
			children = (
				7262FC191D941233004D68C3 /* AVPlayerItem+General.swift */,
			);
			path = AVPlayerItem;
			sourceTree = "<group>";
		};
		7262FC1A1D941233004D68C3 /* Bool */ = {
			isa = PBXGroup;
			children = (
				7262FC1B1D941233004D68C3 /* Bool+Conversion.swift */,
			);
			path = Bool;
			sourceTree = "<group>";
		};
		7262FC1E1D941233004D68C3 /* CGFloat */ = {
			isa = PBXGroup;
			children = (
				72E68EBB1FD9531800A6FF88 /* CGFloat+General.swift */,
				7262FC1F1D941233004D68C3 /* CGFloat+Conversion.swift */,
			);
			path = CGFloat;
			sourceTree = "<group>";
		};
		7262FC201D941233004D68C3 /* CGRect */ = {
			isa = PBXGroup;
			children = (
				7262FC211D941233004D68C3 /* CGRect+Layout.swift */,
			);
			path = CGRect;
			sourceTree = "<group>";
		};
		7262FC221D941233004D68C3 /* Character */ = {
			isa = PBXGroup;
			children = (
				7262FC231D941233004D68C3 /* Character+Conversions.swift */,
				72E68ECE1FD9879000A6FF88 /* Character+General.swift */,
			);
			path = Character;
			sourceTree = "<group>";
		};
		7262FC241D941233004D68C3 /* CMTime */ = {
			isa = PBXGroup;
			children = (
				7262FC251D941233004D68C3 /* CMTime+Conversion.swift */,
			);
			path = CMTime;
			sourceTree = "<group>";
		};
		7262FC281D941233004D68C3 /* Double */ = {
			isa = PBXGroup;
			children = (
				7262FC291D941233004D68C3 /* Double+Conversion.swift */,
			);
			path = Double;
			sourceTree = "<group>";
		};
		7262FC2A1D941233004D68C3 /* Float */ = {
			isa = PBXGroup;
			children = (
				7262FC2B1D941233004D68C3 /* Float+Conversion.swift */,
			);
			path = Float;
			sourceTree = "<group>";
		};
		7262FC2C1D941233004D68C3 /* Int */ = {
			isa = PBXGroup;
			children = (
				7262FC2D1D941233004D68C3 /* Int+Conversion.swift */,
			);
			path = Int;
			sourceTree = "<group>";
		};
		7262FC2E1D941233004D68C3 /* Int64 */ = {
			isa = PBXGroup;
			children = (
				7262FC2F1D941233004D68C3 /* Int64+Conversion.swift */,
			);
			path = Int64;
			sourceTree = "<group>";
		};
		7262FC301D941233004D68C3 /* MPMoviePlayerController */ = {
			isa = PBXGroup;
			children = (
				7262FC311D941233004D68C3 /* MPMoviePlayerController+General.swift */,
			);
			path = MPMoviePlayerController;
			sourceTree = "<group>";
		};
		7262FC321D941233004D68C3 /* NSAttributedString */ = {
			isa = PBXGroup;
			children = (
				7262FC331D941233004D68C3 /* NSAttributedString+General.swift */,
			);
			path = NSAttributedString;
			sourceTree = "<group>";
		};
		7262FC341D941233004D68C3 /* Data */ = {
			isa = PBXGroup;
			children = (
				7262FC351D941233004D68C3 /* Data+Init.swift */,
			);
			path = Data;
			sourceTree = "<group>";
		};
		7262FC361D941233004D68C3 /* Date */ = {
			isa = PBXGroup;
			children = (
				7262FC391D941233004D68C3 /* Date+Init.swift */,
				7262FC381D941233004D68C3 /* Date+General.swift */,
				7262FC371D941233004D68C3 /* Date+Conversion.swift */,
			);
			path = Date;
			sourceTree = "<group>";
		};
		7262FC3A1D941233004D68C3 /* NSDictionary */ = {
			isa = PBXGroup;
			children = (
				7262FC3B1D941233004D68C3 /* NSDictionary+General.swift */,
			);
			path = NSDictionary;
			sourceTree = "<group>";
		};
		7262FC3C1D941233004D68C3 /* NSObject */ = {
			isa = PBXGroup;
			children = (
				7262FC3E1D941233004D68C3 /* NSObject+Init.swift */,
				7262FC3D1D941233004D68C3 /* NSObject+General.swift */,
			);
			path = NSObject;
			sourceTree = "<group>";
		};
		7262FC411D941233004D68C3 /* URL */ = {
			isa = PBXGroup;
			children = (
				7262FC421D941233004D68C3 /* URL+General.swift */,
			);
			path = URL;
			sourceTree = "<group>";
		};
		7262FC441D941233004D68C3 /* PHAsset */ = {
			isa = PBXGroup;
			children = (
				7262FC451D941233004D68C3 /* PHAsset+General.swift */,
			);
			path = PHAsset;
			sourceTree = "<group>";
		};
		7262FC461D941233004D68C3 /* String */ = {
			isa = PBXGroup;
			children = (
				7262FC491D941233004D68C3 /* String+Init.swift */,
				7262FC481D941233004D68C3 /* String+General.swift */,
				7262FC471D941233004D68C3 /* String+Conversion.swift */,
				7262FC4A1D941233004D68C3 /* String+Layout.swift */,
				7262FC4B1D941233004D68C3 /* String+Subscript.swift */,
			);
			path = String;
			sourceTree = "<group>";
		};
		7262FC4C1D941233004D68C3 /* UIAlertController */ = {
			isa = PBXGroup;
			children = (
				7262FC4D1D941233004D68C3 /* UIAlertController+Init.swift */,
			);
			path = UIAlertController;
			sourceTree = "<group>";
		};
		7262FC4E1D941233004D68C3 /* UIAlertView */ = {
			isa = PBXGroup;
			children = (
				7262FC4F1D941233004D68C3 /* UIAlertView+Init.swift */,
			);
			path = UIAlertView;
			sourceTree = "<group>";
		};
		7262FC501D941233004D68C3 /* UIButton */ = {
			isa = PBXGroup;
			children = (
				7262FC511D941233004D68C3 /* UIButton+General.swift */,
			);
			path = UIButton;
			sourceTree = "<group>";
		};
		7262FC521D941233004D68C3 /* UIColor */ = {
			isa = PBXGroup;
			children = (
				7262FC541D941233004D68C3 /* UIColor+Init.swift */,
				7262FC531D941233004D68C3 /* UIColor+General.swift */,
			);
			path = UIColor;
			sourceTree = "<group>";
		};
		7262FC551D941233004D68C3 /* UIImage */ = {
			isa = PBXGroup;
			children = (
				7262FC581D941233004D68C3 /* UIImage+Init.swift */,
				72EE431020C16B9100EDD102 /* UIImage+General.swift */,
				7262FC571D941233004D68C3 /* UIImage+Graphics.swift */,
			);
			path = UIImage;
			sourceTree = "<group>";
		};
		7262FC591D941233004D68C3 /* UIImageView */ = {
			isa = PBXGroup;
			children = (
				7262FC5A1D941233004D68C3 /* UIImageView+Init.swift */,
			);
			path = UIImageView;
			sourceTree = "<group>";
		};
		7262FC5B1D941233004D68C3 /* UILabel */ = {
			isa = PBXGroup;
			children = (
				7262FC5C1D941233004D68C3 /* UILabel+General.swift */,
			);
			path = UILabel;
			sourceTree = "<group>";
		};
		7262FC5D1D941233004D68C3 /* UINib */ = {
			isa = PBXGroup;
			children = (
				7262FC5E1D941233004D68C3 /* UINib+Init.swift */,
			);
			path = UINib;
			sourceTree = "<group>";
		};
		7262FC5F1D941233004D68C3 /* UInt8 */ = {
			isa = PBXGroup;
			children = (
				7262FC601D941233004D68C3 /* UInt8+Conversion.swift */,
			);
			path = UInt8;
			sourceTree = "<group>";
		};
		7262FC611D941233004D68C3 /* UIScrollView */ = {
			isa = PBXGroup;
			children = (
				7262FC621D941233004D68C3 /* UIScrollView+General.swift */,
			);
			path = UIScrollView;
			sourceTree = "<group>";
		};
		7262FC631D941233004D68C3 /* UITextField */ = {
			isa = PBXGroup;
			children = (
				7262FC641D941233004D68C3 /* UITextField+General.swift */,
			);
			path = UITextField;
			sourceTree = "<group>";
		};
		7262FC651D941233004D68C3 /* UITextView */ = {
			isa = PBXGroup;
			children = (
				7262FC661D941233004D68C3 /* UITextView+General.swift */,
			);
			path = UITextView;
			sourceTree = "<group>";
		};
		7262FC671D941233004D68C3 /* UIView */ = {
			isa = PBXGroup;
			children = (
				7262FC6A1D941233004D68C3 /* UIView+Init.swift */,
				7262FC681D941233004D68C3 /* UIView+General.swift */,
				7262FC691D941233004D68C3 /* UIView+Graphics.swift */,
				7262FC6B1D941233004D68C3 /* UIView+Layout.swift */,
				7262FC6C1D941233004D68C3 /* UIView+Mask.swift */,
				72EE431220C16D6D00EDD102 /* UIView+Animations.swift */,
			);
			path = UIView;
			sourceTree = "<group>";
		};
		7262FC6D1D941233004D68C3 /* UIViewController */ = {
			isa = PBXGroup;
			children = (
				7262FC6E1D941233004D68C3 /* UIViewController+Init.swift */,
				72E68EBD1FD95D2D00A6FF88 /* UIViewController+General.swift */,
			);
			path = UIViewController;
			sourceTree = "<group>";
		};
		7262FCEA1D9425DE004D68C3 /* Supporting Files */ = {
			isa = PBXGroup;
			children = (
				7262FC0C1D940F2A004D68C3 /* RDExtensionsSwift.h */,
				7262FC0E1D940F2A004D68C3 /* Info.plist */,
			);
			name = "Supporting Files";
			sourceTree = "<group>";
		};
		729238E11D954E2F00414E60 /* RDExtensionsSwiftUnitTests */ = {
			isa = PBXGroup;
			children = (
				729238F11D95549900414E60 /* OperatorOverloadsTests.swift */,
				72C53F911E757ECD008D10C1 /* ProtocolTests.swift */,
				72E68ED11FD98D0200A6FF88 /* RawRepresentableTests.swift */,
				7296C9671D95813A0060F483 /* IntTests.swift */,
				7296C9691D9582370060F483 /* Int64Tests.swift */,
				72C389A31D96D8290088AE96 /* UInt8Tests.swift */,
				7296C9631D957D510060F483 /* DoubleTests.swift */,
				7296C9651D957D710060F483 /* FloatTests.swift */,
				7296C95B1D95743D0060F483 /* CGFloatTests.swift */,
				721976381D957399002B5018 /* BoolTests.swift */,
				7296C95F1D9579490060F483 /* CharacterTests.swift */,
				72316FCD1D96A0D90078DC66 /* StringTests.swift */,
				7296C96B1D9582810060F483 /* NSAttributedStringTests.swift */,
				7296C95D1D9577FB0060F483 /* CGRectTests.swift */,
				7296C9751D9595680060F483 /* ArrayTests.swift */,
				7296C9611D957CF40060F483 /* CollectionTests.swift */,
				7296C9731D9592980060F483 /* NSObjectTests.swift */,
				7296C96D1D9584CB0060F483 /* DataTests.swift */,
				7296C96F1D958C1C0060F483 /* DateTests.swift */,
				72E68ED31FD99C9600A6FF88 /* TimeZoneTests.swift */,
				7296C9711D95913D0060F483 /* NSDictionaryTests.swift */,
				723F2D5B1D96B7E70086B2A6 /* UIColorTests.swift */,
				727CEF5F1D96C8A50023D161 /* UIImageTests.swift */,
				72C53F8F1E757E27008D10C1 /* UITabBarControllerTests.swift */,
				72435C981D955B2C0066A542 /* Supporting Files */,
			);
			path = RDExtensionsSwiftUnitTests;
			sourceTree = "<group>";
		};
		7293351E1E7556340028FDDB /* Protocol */ = {
			isa = PBXGroup;
			children = (
				72E68ED01FD98C4500A6FF88 /* Collectable */,
			);
			path = Protocol;
			sourceTree = "<group>";
		};
		729335251E755B250028FDDB /* UITabBarController */ = {
			isa = PBXGroup;
			children = (
				729335261E755B3D0028FDDB /* UITabBarController+General.swift */,
			);
			path = UITabBarController;
			sourceTree = "<group>";
		};
		72950D901E8BE5C2005E69C2 /* Collection */ = {
			isa = PBXGroup;
			children = (
				72950D911E8BE5C2005E69C2 /* Collection+General.swift */,
				72950D921E8BE5C2005E69C2 /* Collection+Conversion.swift */,
			);
			path = Collection;
			sourceTree = "<group>";
		};
		72E68EC11FD95E0600A6FF88 /* NSTextRange */ = {
			isa = PBXGroup;
			children = (
				72E68EC21FD95E1B00A6FF88 /* NSTextRange+Conversions.swift */,
			);
			path = NSTextRange;
			sourceTree = "<group>";
		};
		72E68EC41FD9623000A6FF88 /* NSRange */ = {
			isa = PBXGroup;
			children = (
				72E68EC51FD9624500A6FF88 /* NSRange+Conversions.swift */,
			);
			path = NSRange;
			sourceTree = "<group>";
		};
		72E68EC71FD96B7E00A6FF88 /* UIAlertAction */ = {
			isa = PBXGroup;
			children = (
				72E68EC81FD96B8A00A6FF88 /* UIAlertAction+Init.swift */,
			);
			path = UIAlertAction;
			sourceTree = "<group>";
		};
		72E68ECA1FD9785700A6FF88 /* RawRepresentable */ = {
			isa = PBXGroup;
			children = (
				729335211E7556A50028FDDB /* RawRepresentable+General.swift */,
			);
			path = RawRepresentable;
			sourceTree = "<group>";
		};
		72E68ECB1FD980A900A6FF88 /* TimeZone */ = {
			isa = PBXGroup;
			children = (
				72E68ECC1FD980B200A6FF88 /* TimeZone+Init.swift */,
			);
			path = TimeZone;
			sourceTree = "<group>";
		};
		72E68ED01FD98C4500A6FF88 /* Collectable */ = {
			isa = PBXGroup;
			children = (
				7293352C1E75645D0028FDDB /* Collectable+Init.swift */,
				7293352E1E7564BA0028FDDB /* Collectable+General.swift */,
			);
			path = Collectable;
			sourceTree = "<group>";
		};
		72EE431620C16ED200EDD102 /* UITableView */ = {
			isa = PBXGroup;
			children = (
				72EE431B20C16F6800EDD102 /* UITableView+General.swift */,
			);
			path = UITableView;
			sourceTree = "<group>";
		};
		72EE431720C16EDE00EDD102 /* UICollectionView */ = {
			isa = PBXGroup;
			children = (
				72EE431D20C1705300EDD102 /* UICollectionView+General.swift */,
			);
			path = UICollectionView;
			sourceTree = "<group>";
		};
		72EE431F20C1757B00EDD102 /* CALayer */ = {
			isa = PBXGroup;
			children = (
				72EE432020C1759700EDD102 /* CALayer+General.swift */,
			);
			path = CALayer;
			sourceTree = "<group>";
		};
		72EE432220C175DB00EDD102 /* UIPageControl */ = {
			isa = PBXGroup;
			children = (
				72EE432320C1760000EDD102 /* UIPageControl+General.swift */,
			);
			path = UIPageControl;
			sourceTree = "<group>";
		};
/* End PBXGroup section */

/* Begin PBXHeadersBuildPhase section */
		7262FC061D940F2A004D68C3 /* Headers */ = {
			isa = PBXHeadersBuildPhase;
			buildActionMask = 2147483647;
			files = (
				7262FC0D1D940F2A004D68C3 /* RDExtensionsSwift.h in Headers */,
			);
			runOnlyForDeploymentPostprocessing = 0;
		};
/* End PBXHeadersBuildPhase section */

/* Begin PBXNativeTarget section */
		7262FC081D940F2A004D68C3 /* RDExtensionsSwift */ = {
			isa = PBXNativeTarget;
			buildConfigurationList = 7262FC111D940F2A004D68C3 /* Build configuration list for PBXNativeTarget "RDExtensionsSwift" */;
			buildPhases = (
				7262FC041D940F2A004D68C3 /* Sources */,
				7262FC051D940F2A004D68C3 /* Frameworks */,
				7262FC061D940F2A004D68C3 /* Headers */,
				7262FC071D940F2A004D68C3 /* Resources */,
			);
			buildRules = (
			);
			dependencies = (
			);
			name = RDExtensionsSwift;
			productName = RDExtensionsSwift;
			productReference = 7262FC091D940F2A004D68C3 /* RDExtensionsSwift.framework */;
			productType = "com.apple.product-type.framework";
		};
		729238DF1D954E2F00414E60 /* RDExtensionsSwiftUnitTests */ = {
			isa = PBXNativeTarget;
			buildConfigurationList = 729238EA1D954E2F00414E60 /* Build configuration list for PBXNativeTarget "RDExtensionsSwiftUnitTests" */;
			buildPhases = (
				729238DC1D954E2F00414E60 /* Sources */,
				729238DD1D954E2F00414E60 /* Frameworks */,
				729238DE1D954E2F00414E60 /* Resources */,
			);
			buildRules = (
			);
			dependencies = (
				729238E71D954E2F00414E60 /* PBXTargetDependency */,
			);
			name = RDExtensionsSwiftUnitTests;
			productName = RDExtensionsSwiftUnitTests;
			productReference = 729238E01D954E2F00414E60 /* RDExtensionsSwiftUnitTests.xctest */;
			productType = "com.apple.product-type.bundle.unit-test";
		};
/* End PBXNativeTarget section */

/* Begin PBXProject section */
		7262FC001D940F2A004D68C3 /* Project object */ = {
			isa = PBXProject;
			attributes = {
				LastSwiftUpdateCheck = 0730;
				LastUpgradeCheck = 0900;
				ORGANIZATIONNAME = "Giorgi Iashvili";
				TargetAttributes = {
					7262FC081D940F2A004D68C3 = {
						CreatedOnToolsVersion = 7.3.1;
						LastSwiftMigration = 0900;
						ProvisioningStyle = Manual;
					};
					729238DF1D954E2F00414E60 = {
						CreatedOnToolsVersion = 7.3.1;
						LastSwiftMigration = 0900;
						ProvisioningStyle = Manual;
					};
				};
			};
			buildConfigurationList = 7262FC031D940F2A004D68C3 /* Build configuration list for PBXProject "RDExtensionsSwift" */;
			compatibilityVersion = "Xcode 3.2";
			developmentRegion = English;
			hasScannedForEncodings = 0;
			knownRegions = (
				en,
			);
			mainGroup = 7262FBFF1D940F2A004D68C3;
			productRefGroup = 7262FC0A1D940F2A004D68C3 /* Products */;
			projectDirPath = "";
			projectRoot = "";
			targets = (
				7262FC081D940F2A004D68C3 /* RDExtensionsSwift */,
				729238DF1D954E2F00414E60 /* RDExtensionsSwiftUnitTests */,
			);
		};
/* End PBXProject section */

/* Begin PBXResourcesBuildPhase section */
		7262FC071D940F2A004D68C3 /* Resources */ = {
			isa = PBXResourcesBuildPhase;
			buildActionMask = 2147483647;
			files = (
			);
			runOnlyForDeploymentPostprocessing = 0;
		};
		729238DE1D954E2F00414E60 /* Resources */ = {
			isa = PBXResourcesBuildPhase;
			buildActionMask = 2147483647;
			files = (
			);
			runOnlyForDeploymentPostprocessing = 0;
		};
/* End PBXResourcesBuildPhase section */

/* Begin PBXSourcesBuildPhase section */
		7262FC041D940F2A004D68C3 /* Sources */ = {
			isa = PBXSourcesBuildPhase;
			buildActionMask = 2147483647;
			files = (
				7262FC911D941233004D68C3 /* UIColor+General.swift in Sources */,
				7262FC7F1D941233004D68C3 /* Date+Conversion.swift in Sources */,
				72EE432420C1760000EDD102 /* UIPageControl+General.swift in Sources */,
				7262FC781D941233004D68C3 /* Double+Conversion.swift in Sources */,
				7262FC8D1D941233004D68C3 /* String+Subscript.swift in Sources */,
				7262FC9D1D941233004D68C3 /* UIView+General.swift in Sources */,
				7262FC9E1D941233004D68C3 /* UIView+Graphics.swift in Sources */,
				72950D931E8BE5C2005E69C2 /* Collection+General.swift in Sources */,
				729335221E7556A50028FDDB /* RawRepresentable+General.swift in Sources */,
				7262FC831D941233004D68C3 /* NSObject+General.swift in Sources */,
				729335271E755B3D0028FDDB /* UITabBarController+General.swift in Sources */,
				72E68EC91FD96B8A00A6FF88 /* UIAlertAction+Init.swift in Sources */,
				7262FC981D941233004D68C3 /* UINib+Init.swift in Sources */,
				7262FC731D941233004D68C3 /* CGFloat+Conversion.swift in Sources */,
				7262FC801D941233004D68C3 /* Date+General.swift in Sources */,
				7262FC8F1D941233004D68C3 /* UIAlertView+Init.swift in Sources */,
				7262FC991D941233004D68C3 /* UInt8+Conversion.swift in Sources */,
				72E68EC31FD95E1B00A6FF88 /* NSTextRange+Conversions.swift in Sources */,
				7262FC711D941233004D68C3 /* Bool+Conversion.swift in Sources */,
				72E68EBE1FD95D2D00A6FF88 /* UIViewController+General.swift in Sources */,
				72E68EC61FD9624500A6FF88 /* NSRange+Conversions.swift in Sources */,
				7262FC761D941233004D68C3 /* CMTime+Conversion.swift in Sources */,
				7262FC891D941233004D68C3 /* String+Conversion.swift in Sources */,
				7262FC8B1D941233004D68C3 /* String+Init.swift in Sources */,
				72950D941E8BE5C2005E69C2 /* Collection+Conversion.swift in Sources */,
				7262FC7D1D941233004D68C3 /* NSAttributedString+General.swift in Sources */,
				7262FC751D941233004D68C3 /* Character+Conversions.swift in Sources */,
				7262FC9B1D941233004D68C3 /* UITextField+General.swift in Sources */,
				7262FC811D941233004D68C3 /* Date+Init.swift in Sources */,
				7262FC9F1D941233004D68C3 /* UIView+Init.swift in Sources */,
				72EE431320C16D6D00EDD102 /* UIView+Animations.swift in Sources */,
				7262FCA21D941233004D68C3 /* UIViewController+Init.swift in Sources */,
				7262FC7E1D941233004D68C3 /* Data+Init.swift in Sources */,
				7262FC841D941233004D68C3 /* NSObject+Init.swift in Sources */,
				7262FC6F1D941233004D68C3 /* Array+General.swift in Sources */,
				7262FC8E1D941233004D68C3 /* UIAlertController+Init.swift in Sources */,
				72EE431E20C1705300EDD102 /* UICollectionView+General.swift in Sources */,
				7262FC961D941233004D68C3 /* UIImageView+Init.swift in Sources */,
				7262FC741D941233004D68C3 /* CGRect+Layout.swift in Sources */,
				7262FC7A1D941233004D68C3 /* Int+Conversion.swift in Sources */,
				72E68EBC1FD9531800A6FF88 /* CGFloat+General.swift in Sources */,
				7262FC921D941233004D68C3 /* UIColor+Init.swift in Sources */,
				7262FC7B1D941233004D68C3 /* Int64+Conversion.swift in Sources */,
				7262FC941D941233004D68C3 /* UIImage+Graphics.swift in Sources */,
				7262FC871D941233004D68C3 /* OperatorOverloads.swift in Sources */,
				7262FC951D941233004D68C3 /* UIImage+Init.swift in Sources */,
				7262FC8A1D941233004D68C3 /* String+General.swift in Sources */,
				7262FC791D941233004D68C3 /* Float+Conversion.swift in Sources */,
				7293352F1E7564BA0028FDDB /* Collectable+General.swift in Sources */,
				72EE431120C16B9100EDD102 /* UIImage+General.swift in Sources */,
				7262FC9A1D941233004D68C3 /* UIScrollView+General.swift in Sources */,
				7262FC9C1D941233004D68C3 /* UITextView+General.swift in Sources */,
				72E68ECF1FD9879000A6FF88 /* Character+General.swift in Sources */,
				7262FC861D941233004D68C3 /* URL+General.swift in Sources */,
				7262FC821D941233004D68C3 /* NSDictionary+General.swift in Sources */,
				72EE432120C1759700EDD102 /* CALayer+General.swift in Sources */,
				7293352D1E75645D0028FDDB /* Collectable+Init.swift in Sources */,
				72E68ECD1FD980B200A6FF88 /* TimeZone+Init.swift in Sources */,
				7262FCA11D941233004D68C3 /* UIView+Mask.swift in Sources */,
				7262FC971D941233004D68C3 /* UILabel+General.swift in Sources */,
				7262FCA01D941233004D68C3 /* UIView+Layout.swift in Sources */,
				7262FC881D941233004D68C3 /* PHAsset+General.swift in Sources */,
				7262FC701D941233004D68C3 /* AVPlayerItem+General.swift in Sources */,
				7262FC8C1D941233004D68C3 /* String+Layout.swift in Sources */,
				7262FC901D941233004D68C3 /* UIButton+General.swift in Sources */,
				72EE431C20C16F6800EDD102 /* UITableView+General.swift in Sources */,
				7262FC7C1D941233004D68C3 /* MPMoviePlayerController+General.swift in Sources */,
			);
			runOnlyForDeploymentPostprocessing = 0;
		};
		729238DC1D954E2F00414E60 /* Sources */ = {
			isa = PBXSourcesBuildPhase;
			buildActionMask = 2147483647;
			files = (
				72C53F901E757E27008D10C1 /* UITabBarControllerTests.swift in Sources */,
				7296C95C1D95743D0060F483 /* CGFloatTests.swift in Sources */,
				7296C96A1D9582370060F483 /* Int64Tests.swift in Sources */,
				7296C9601D9579490060F483 /* CharacterTests.swift in Sources */,
				72E68ED41FD99C9600A6FF88 /* TimeZoneTests.swift in Sources */,
				7296C9641D957D510060F483 /* DoubleTests.swift in Sources */,
				7296C95E1D9577FB0060F483 /* CGRectTests.swift in Sources */,
				729238F21D95549900414E60 /* OperatorOverloadsTests.swift in Sources */,
				72C389A41D96D8290088AE96 /* UInt8Tests.swift in Sources */,
				7296C9681D95813A0060F483 /* IntTests.swift in Sources */,
				727CEF601D96C8A50023D161 /* UIImageTests.swift in Sources */,
				72E68ED21FD98D0200A6FF88 /* RawRepresentableTests.swift in Sources */,
				72316FCE1D96A0D90078DC66 /* StringTests.swift in Sources */,
				72C53F921E757ECD008D10C1 /* ProtocolTests.swift in Sources */,
				7296C9621D957CF40060F483 /* CollectionTests.swift in Sources */,
				7296C9701D958C1C0060F483 /* DateTests.swift in Sources */,
				7296C9741D9592980060F483 /* NSObjectTests.swift in Sources */,
				723F2D5C1D96B7E70086B2A6 /* UIColorTests.swift in Sources */,
				7296C9721D95913D0060F483 /* NSDictionaryTests.swift in Sources */,
				7296C9661D957D710060F483 /* FloatTests.swift in Sources */,
				721976391D957399002B5018 /* BoolTests.swift in Sources */,
				7296C9761D9595680060F483 /* ArrayTests.swift in Sources */,
				7296C96C1D9582810060F483 /* NSAttributedStringTests.swift in Sources */,
				7296C96E1D9584CB0060F483 /* DataTests.swift in Sources */,
			);
			runOnlyForDeploymentPostprocessing = 0;
		};
/* End PBXSourcesBuildPhase section */

/* Begin PBXTargetDependency section */
		729238E71D954E2F00414E60 /* PBXTargetDependency */ = {
			isa = PBXTargetDependency;
			target = 7262FC081D940F2A004D68C3 /* RDExtensionsSwift */;
			targetProxy = 729238E61D954E2F00414E60 /* PBXContainerItemProxy */;
		};
/* End PBXTargetDependency section */

/* Begin XCBuildConfiguration section */
		7262FC0F1D940F2A004D68C3 /* Debug */ = {
			isa = XCBuildConfiguration;
			buildSettings = {
				ALWAYS_SEARCH_USER_PATHS = NO;
				CLANG_ANALYZER_NONNULL = YES;
				CLANG_CXX_LANGUAGE_STANDARD = "gnu++0x";
				CLANG_CXX_LIBRARY = "libc++";
				CLANG_ENABLE_MODULES = YES;
				CLANG_ENABLE_OBJC_ARC = YES;
				CLANG_WARN_BLOCK_CAPTURE_AUTORELEASING = YES;
				CLANG_WARN_BOOL_CONVERSION = YES;
				CLANG_WARN_COMMA = YES;
				CLANG_WARN_CONSTANT_CONVERSION = YES;
				CLANG_WARN_DIRECT_OBJC_ISA_USAGE = YES_ERROR;
				CLANG_WARN_EMPTY_BODY = YES;
				CLANG_WARN_ENUM_CONVERSION = YES;
				CLANG_WARN_INFINITE_RECURSION = YES;
				CLANG_WARN_INT_CONVERSION = YES;
				CLANG_WARN_NON_LITERAL_NULL_CONVERSION = YES;
				CLANG_WARN_OBJC_LITERAL_CONVERSION = YES;
				CLANG_WARN_OBJC_ROOT_CLASS = YES_ERROR;
				CLANG_WARN_RANGE_LOOP_ANALYSIS = YES;
				CLANG_WARN_STRICT_PROTOTYPES = YES;
				CLANG_WARN_SUSPICIOUS_MOVE = YES;
				CLANG_WARN_UNREACHABLE_CODE = YES;
				CLANG_WARN__DUPLICATE_METHOD_MATCH = YES;
				"CODE_SIGN_IDENTITY[sdk=iphoneos*]" = "iPhone Developer";
				COPY_PHASE_STRIP = NO;
				CURRENT_PROJECT_VERSION = 1;
				DEBUG_INFORMATION_FORMAT = dwarf;
				ENABLE_STRICT_OBJC_MSGSEND = YES;
				ENABLE_TESTABILITY = YES;
				GCC_C_LANGUAGE_STANDARD = gnu99;
				GCC_DYNAMIC_NO_PIC = NO;
				GCC_NO_COMMON_BLOCKS = YES;
				GCC_OPTIMIZATION_LEVEL = 0;
				GCC_PREPROCESSOR_DEFINITIONS = (
					"DEBUG=1",
					"$(inherited)",
				);
				GCC_WARN_64_TO_32_BIT_CONVERSION = YES;
				GCC_WARN_ABOUT_RETURN_TYPE = YES_ERROR;
				GCC_WARN_UNDECLARED_SELECTOR = YES;
				GCC_WARN_UNINITIALIZED_AUTOS = YES_AGGRESSIVE;
				GCC_WARN_UNUSED_FUNCTION = YES;
				GCC_WARN_UNUSED_VARIABLE = YES;
				IPHONEOS_DEPLOYMENT_TARGET = 9.3;
				MTL_ENABLE_DEBUG_INFO = YES;
				ONLY_ACTIVE_ARCH = YES;
				SDKROOT = iphoneos;
				SWIFT_OPTIMIZATION_LEVEL = "-Onone";
				TARGETED_DEVICE_FAMILY = "1,2";
				VERSIONING_SYSTEM = "apple-generic";
				VERSION_INFO_PREFIX = "";
			};
			name = Debug;
		};
		7262FC101D940F2A004D68C3 /* Release */ = {
			isa = XCBuildConfiguration;
			buildSettings = {
				ALWAYS_SEARCH_USER_PATHS = NO;
				CLANG_ANALYZER_NONNULL = YES;
				CLANG_CXX_LANGUAGE_STANDARD = "gnu++0x";
				CLANG_CXX_LIBRARY = "libc++";
				CLANG_ENABLE_MODULES = YES;
				CLANG_ENABLE_OBJC_ARC = YES;
				CLANG_WARN_BLOCK_CAPTURE_AUTORELEASING = YES;
				CLANG_WARN_BOOL_CONVERSION = YES;
				CLANG_WARN_COMMA = YES;
				CLANG_WARN_CONSTANT_CONVERSION = YES;
				CLANG_WARN_DIRECT_OBJC_ISA_USAGE = YES_ERROR;
				CLANG_WARN_EMPTY_BODY = YES;
				CLANG_WARN_ENUM_CONVERSION = YES;
				CLANG_WARN_INFINITE_RECURSION = YES;
				CLANG_WARN_INT_CONVERSION = YES;
				CLANG_WARN_NON_LITERAL_NULL_CONVERSION = YES;
				CLANG_WARN_OBJC_LITERAL_CONVERSION = YES;
				CLANG_WARN_OBJC_ROOT_CLASS = YES_ERROR;
				CLANG_WARN_RANGE_LOOP_ANALYSIS = YES;
				CLANG_WARN_STRICT_PROTOTYPES = YES;
				CLANG_WARN_SUSPICIOUS_MOVE = YES;
				CLANG_WARN_UNREACHABLE_CODE = YES;
				CLANG_WARN__DUPLICATE_METHOD_MATCH = YES;
				"CODE_SIGN_IDENTITY[sdk=iphoneos*]" = "iPhone Developer";
				COPY_PHASE_STRIP = NO;
				CURRENT_PROJECT_VERSION = 1;
				DEBUG_INFORMATION_FORMAT = "dwarf-with-dsym";
				ENABLE_NS_ASSERTIONS = NO;
				ENABLE_STRICT_OBJC_MSGSEND = YES;
				GCC_C_LANGUAGE_STANDARD = gnu99;
				GCC_NO_COMMON_BLOCKS = YES;
				GCC_WARN_64_TO_32_BIT_CONVERSION = YES;
				GCC_WARN_ABOUT_RETURN_TYPE = YES_ERROR;
				GCC_WARN_UNDECLARED_SELECTOR = YES;
				GCC_WARN_UNINITIALIZED_AUTOS = YES_AGGRESSIVE;
				GCC_WARN_UNUSED_FUNCTION = YES;
				GCC_WARN_UNUSED_VARIABLE = YES;
				IPHONEOS_DEPLOYMENT_TARGET = 9.3;
				MTL_ENABLE_DEBUG_INFO = NO;
				SDKROOT = iphoneos;
				SWIFT_OPTIMIZATION_LEVEL = "-Owholemodule";
				TARGETED_DEVICE_FAMILY = "1,2";
				VALIDATE_PRODUCT = YES;
				VERSIONING_SYSTEM = "apple-generic";
				VERSION_INFO_PREFIX = "";
			};
			name = Release;
		};
		7262FC121D940F2A004D68C3 /* Debug */ = {
			isa = XCBuildConfiguration;
			buildSettings = {
				"CODE_SIGN_IDENTITY[sdk=iphoneos*]" = "";
				DEFINES_MODULE = YES;
				DEVELOPMENT_TEAM = "";
				DYLIB_COMPATIBILITY_VERSION = 1;
				DYLIB_CURRENT_VERSION = 1;
				DYLIB_INSTALL_NAME_BASE = "@rpath";
				ENABLE_BITCODE = YES;
				INFOPLIST_FILE = RDExtensionsSwift/Info.plist;
				INSTALL_PATH = "$(LOCAL_LIBRARY_DIR)/Frameworks";
				IPHONEOS_DEPLOYMENT_TARGET = 8.0;
				LD_RUNPATH_SEARCH_PATHS = "$(inherited) @executable_path/Frameworks @loader_path/Frameworks";
				ONLY_ACTIVE_ARCH = YES;
				PRODUCT_BUNDLE_IDENTIFIER = RD.RDExtensionsSwift;
				PRODUCT_NAME = "$(TARGET_NAME)";
				SKIP_INSTALL = YES;
				SWIFT_SWIFT3_OBJC_INFERENCE = Default;
				SWIFT_VERSION = 4.0;
			};
			name = Debug;
		};
		7262FC131D940F2A004D68C3 /* Release */ = {
			isa = XCBuildConfiguration;
			buildSettings = {
				"CODE_SIGN_IDENTITY[sdk=iphoneos*]" = "";
				DEFINES_MODULE = YES;
				DEVELOPMENT_TEAM = "";
				DYLIB_COMPATIBILITY_VERSION = 1;
				DYLIB_CURRENT_VERSION = 1;
				DYLIB_INSTALL_NAME_BASE = "@rpath";
				ENABLE_BITCODE = YES;
				INFOPLIST_FILE = RDExtensionsSwift/Info.plist;
				INSTALL_PATH = "$(LOCAL_LIBRARY_DIR)/Frameworks";
				IPHONEOS_DEPLOYMENT_TARGET = 8.0;
				LD_RUNPATH_SEARCH_PATHS = "$(inherited) @executable_path/Frameworks @loader_path/Frameworks";
				PRODUCT_BUNDLE_IDENTIFIER = RD.RDExtensionsSwift;
				PRODUCT_NAME = "$(TARGET_NAME)";
				SKIP_INSTALL = YES;
				SWIFT_SWIFT3_OBJC_INFERENCE = Default;
				SWIFT_VERSION = 4.0;
			};
			name = Release;
		};
		729238E81D954E2F00414E60 /* Debug */ = {
			isa = XCBuildConfiguration;
			buildSettings = {
				DEVELOPMENT_TEAM = "";
				INFOPLIST_FILE = RDExtensionsSwiftUnitTests/Info.plist;
				LD_RUNPATH_SEARCH_PATHS = "$(inherited) @executable_path/Frameworks @loader_path/Frameworks";
				PRODUCT_BUNDLE_IDENTIFIER = RD.RDExtensionsSwiftUnitTests;
				PRODUCT_NAME = "$(TARGET_NAME)";
				SWIFT_SWIFT3_OBJC_INFERENCE = On;
				SWIFT_VERSION = 4.0;
			};
			name = Debug;
		};
		729238E91D954E2F00414E60 /* Release */ = {
			isa = XCBuildConfiguration;
			buildSettings = {
				DEVELOPMENT_TEAM = "";
				INFOPLIST_FILE = RDExtensionsSwiftUnitTests/Info.plist;
				LD_RUNPATH_SEARCH_PATHS = "$(inherited) @executable_path/Frameworks @loader_path/Frameworks";
				PRODUCT_BUNDLE_IDENTIFIER = RD.RDExtensionsSwiftUnitTests;
				PRODUCT_NAME = "$(TARGET_NAME)";
				SWIFT_SWIFT3_OBJC_INFERENCE = On;
				SWIFT_VERSION = 4.0;
			};
			name = Release;
		};
/* End XCBuildConfiguration section */

/* Begin XCConfigurationList section */
		7262FC031D940F2A004D68C3 /* Build configuration list for PBXProject "RDExtensionsSwift" */ = {
			isa = XCConfigurationList;
			buildConfigurations = (
				7262FC0F1D940F2A004D68C3 /* Debug */,
				7262FC101D940F2A004D68C3 /* Release */,
			);
			defaultConfigurationIsVisible = 0;
			defaultConfigurationName = Release;
		};
		7262FC111D940F2A004D68C3 /* Build configuration list for PBXNativeTarget "RDExtensionsSwift" */ = {
			isa = XCConfigurationList;
			buildConfigurations = (
				7262FC121D940F2A004D68C3 /* Debug */,
				7262FC131D940F2A004D68C3 /* Release */,
			);
			defaultConfigurationIsVisible = 0;
			defaultConfigurationName = Release;
		};
		729238EA1D954E2F00414E60 /* Build configuration list for PBXNativeTarget "RDExtensionsSwiftUnitTests" */ = {
			isa = XCConfigurationList;
			buildConfigurations = (
				729238E81D954E2F00414E60 /* Debug */,
				729238E91D954E2F00414E60 /* Release */,
			);
			defaultConfigurationIsVisible = 0;
			defaultConfigurationName = Release;
		};
/* End XCConfigurationList section */
	};
	rootObject = 7262FC001D940F2A004D68C3 /* Project object */;
}
